// !$*UTF8*$!
{
	archiveVersion = 1;
	classes = {
	};
	objectVersion = 46;
	objects = {

/* Begin PBXBuildFile section */
		892D6C1F1C268ADC00D9C9C4 /* JsonData.swift in Sources */ = {isa = PBXBuildFile; fileRef = 892D6C1E1C268ADC00D9C9C4 /* JsonData.swift */; };
		896631F21C277270002B8FA6 /* editViewController.swift in Sources */ = {isa = PBXBuildFile; fileRef = 896631F11C277270002B8FA6 /* editViewController.swift */; };
		896631F41C27B1F0002B8FA6 /* JsonData+CoreDataProperties.swift in Sources */ = {isa = PBXBuildFile; fileRef = 896631F31C27B1F0002B8FA6 /* JsonData+CoreDataProperties.swift */; };
		896631FA1C286256002B8FA6 /* agent_picture.png in Resources */ = {isa = PBXBuildFile; fileRef = 896631F51C286256002B8FA6 /* agent_picture.png */; };
		896631FB1C286256002B8FA6 /* detailContacts.jpeg in Resources */ = {isa = PBXBuildFile; fileRef = 896631F61C286256002B8FA6 /* detailContacts.jpeg */; };
		896631FC1C286256002B8FA6 /* navbar_button_edit.png in Resources */ = {isa = PBXBuildFile; fileRef = 896631F71C286256002B8FA6 /* navbar_button_edit.png */; };
		896631FD1C286256002B8FA6 /* navbar_secondary.png in Resources */ = {isa = PBXBuildFile; fileRef = 896631F81C286256002B8FA6 /* navbar_secondary.png */; };
		896631FE1C286256002B8FA6 /* navbar_seperator.png in Resources */ = {isa = PBXBuildFile; fileRef = 896631F91C286256002B8FA6 /* navbar_seperator.png */; };
		8969810C1C27267800F491A0 /* detailViewController.swift in Sources */ = {isa = PBXBuildFile; fileRef = 8969810B1C27267800F491A0 /* detailViewController.swift */; };
		89D40CB41C252AC500BB2969 /* AppDelegate.swift in Sources */ = {isa = PBXBuildFile; fileRef = 89D40CB31C252AC500BB2969 /* AppDelegate.swift */; };
		89D40CB61C252AC500BB2969 /* ViewController.swift in Sources */ = {isa = PBXBuildFile; fileRef = 89D40CB51C252AC500BB2969 /* ViewController.swift */; };
		89D40CB91C252AC500BB2969 /* Main.storyboard in Resources */ = {isa = PBXBuildFile; fileRef = 89D40CB71C252AC500BB2969 /* Main.storyboard */; };
		89D40CBC1C252AC500BB2969 /* Contacts.xcdatamodeld in Sources */ = {isa = PBXBuildFile; fileRef = 89D40CBA1C252AC500BB2969 /* Contacts.xcdatamodeld */; };
		89D40CBE1C252AC600BB2969 /* Assets.xcassets in Resources */ = {isa = PBXBuildFile; fileRef = 89D40CBD1C252AC600BB2969 /* Assets.xcassets */; };
		89D40CC11C252AC600BB2969 /* LaunchScreen.storyboard in Resources */ = {isa = PBXBuildFile; fileRef = 89D40CBF1C252AC600BB2969 /* LaunchScreen.storyboard */; };
		89D40CCC1C252AC600BB2969 /* ContactsTests.swift in Sources */ = {isa = PBXBuildFile; fileRef = 89D40CCB1C252AC600BB2969 /* ContactsTests.swift */; };
		89D40CD71C252AC600BB2969 /* ContactsUITests.swift in Sources */ = {isa = PBXBuildFile; fileRef = 89D40CD61C252AC600BB2969 /* ContactsUITests.swift */; };
		89D40CEB1C254F5E00BB2969 /* CustomCell.swift in Sources */ = {isa = PBXBuildFile; fileRef = 89D40CEA1C254F5E00BB2969 /* CustomCell.swift */; };
/* End PBXBuildFile section */

/* Begin PBXContainerItemProxy section */
		89D40CC81C252AC600BB2969 /* PBXContainerItemProxy */ = {
			isa = PBXContainerItemProxy;
			containerPortal = 89D40CA81C252AC500BB2969 /* Project object */;
			proxyType = 1;
			remoteGlobalIDString = 89D40CAF1C252AC500BB2969;
			remoteInfo = Contacts;
		};
		89D40CD31C252AC600BB2969 /* PBXContainerItemProxy */ = {
			isa = PBXContainerItemProxy;
			containerPortal = 89D40CA81C252AC500BB2969 /* Project object */;
			proxyType = 1;
			remoteGlobalIDString = 89D40CAF1C252AC500BB2969;
			remoteInfo = Contacts;
		};
/* End PBXContainerItemProxy section */

/* Begin PBXFileReference section */
		892D6C1E1C268ADC00D9C9C4 /* JsonData.swift */ = {isa = PBXFileReference; fileEncoding = 4; lastKnownFileType = sourcecode.swift; path = JsonData.swift; sourceTree = "<group>"; };
		896631F11C277270002B8FA6 /* editViewController.swift */ = {isa = PBXFileReference; fileEncoding = 4; lastKnownFileType = sourcecode.swift; path = editViewController.swift; sourceTree = "<group>"; };
		896631F31C27B1F0002B8FA6 /* JsonData+CoreDataProperties.swift */ = {isa = PBXFileReference; fileEncoding = 4; lastKnownFileType = sourcecode.swift; path = "JsonData+CoreDataProperties.swift"; sourceTree = "<group>"; };
		896631F51C286256002B8FA6 /* agent_picture.png */ = {isa = PBXFileReference; lastKnownFileType = image.png; name = agent_picture.png; path = Contacts/agent_picture.png; sourceTree = "<group>"; };
		896631F61C286256002B8FA6 /* detailContacts.jpeg */ = {isa = PBXFileReference; lastKnownFileType = image.jpeg; name = detailContacts.jpeg; path = Contacts/detailContacts.jpeg; sourceTree = "<group>"; };
		896631F71C286256002B8FA6 /* navbar_button_edit.png */ = {isa = PBXFileReference; lastKnownFileType = image.png; name = navbar_button_edit.png; path = Contacts/navbar_button_edit.png; sourceTree = "<group>"; };
		896631F81C286256002B8FA6 /* navbar_secondary.png */ = {isa = PBXFileReference; lastKnownFileType = image.png; name = navbar_secondary.png; path = Contacts/navbar_secondary.png; sourceTree = "<group>"; };
		896631F91C286256002B8FA6 /* navbar_seperator.png */ = {isa = PBXFileReference; lastKnownFileType = image.png; name = navbar_seperator.png; path = Contacts/navbar_seperator.png; sourceTree = "<group>"; };
		8969810B1C27267800F491A0 /* detailViewController.swift */ = {isa = PBXFileReference; fileEncoding = 4; lastKnownFileType = sourcecode.swift; path = detailViewController.swift; sourceTree = "<group>"; };
		89D40CB01C252AC500BB2969 /* Contacts.app */ = {isa = PBXFileReference; explicitFileType = wrapper.application; includeInIndex = 0; path = Contacts.app; sourceTree = BUILT_PRODUCTS_DIR; };
		89D40CB31C252AC500BB2969 /* AppDelegate.swift */ = {isa = PBXFileReference; lastKnownFileType = sourcecode.swift; path = AppDelegate.swift; sourceTree = "<group>"; };
		89D40CB51C252AC500BB2969 /* ViewController.swift */ = {isa = PBXFileReference; lastKnownFileType = sourcecode.swift; path = ViewController.swift; sourceTree = "<group>"; };
		89D40CB81C252AC500BB2969 /* Base */ = {isa = PBXFileReference; lastKnownFileType = file.storyboard; name = Base; path = Base.lproj/Main.storyboard; sourceTree = "<group>"; };
		89D40CBB1C252AC500BB2969 /* Contacts.xcdatamodel */ = {isa = PBXFileReference; lastKnownFileType = wrapper.xcdatamodel; path = Contacts.xcdatamodel; sourceTree = "<group>"; };
		89D40CBD1C252AC600BB2969 /* Assets.xcassets */ = {isa = PBXFileReference; lastKnownFileType = folder.assetcatalog; path = Assets.xcassets; sourceTree = "<group>"; };
		89D40CC01C252AC600BB2969 /* Base */ = {isa = PBXFileReference; lastKnownFileType = file.storyboard; name = Base; path = Base.lproj/LaunchScreen.storyboard; sourceTree = "<group>"; };
		89D40CC21C252AC600BB2969 /* Info.plist */ = {isa = PBXFileReference; lastKnownFileType = text.plist.xml; path = Info.plist; sourceTree = "<group>"; };
		89D40CC71C252AC600BB2969 /* ContactsTests.xctest */ = {isa = PBXFileReference; explicitFileType = wrapper.cfbundle; includeInIndex = 0; path = ContactsTests.xctest; sourceTree = BUILT_PRODUCTS_DIR; };
		89D40CCB1C252AC600BB2969 /* ContactsTests.swift */ = {isa = PBXFileReference; lastKnownFileType = sourcecode.swift; path = ContactsTests.swift; sourceTree = "<group>"; };
		89D40CCD1C252AC600BB2969 /* Info.plist */ = {isa = PBXFileReference; lastKnownFileType = text.plist.xml; path = Info.plist; sourceTree = "<group>"; };
		89D40CD21C252AC600BB2969 /* ContactsUITests.xctest */ = {isa = PBXFileReference; explicitFileType = wrapper.cfbundle; includeInIndex = 0; path = ContactsUITests.xctest; sourceTree = BUILT_PRODUCTS_DIR; };
		89D40CD61C252AC600BB2969 /* ContactsUITests.swift */ = {isa = PBXFileReference; lastKnownFileType = sourcecode.swift; path = ContactsUITests.swift; sourceTree = "<group>"; };
		89D40CD81C252AC600BB2969 /* Info.plist */ = {isa = PBXFileReference; lastKnownFileType = text.plist.xml; path = Info.plist; sourceTree = "<group>"; };
		89D40CEA1C254F5E00BB2969 /* CustomCell.swift */ = {isa = PBXFileReference; fileEncoding = 4; lastKnownFileType = sourcecode.swift; path = CustomCell.swift; sourceTree = "<group>"; };
/* End PBXFileReference section */

/* Begin PBXFrameworksBuildPhase section */
		89D40CAD1C252AC500BB2969 /* Frameworks */ = {
			isa = PBXFrameworksBuildPhase;
			buildActionMask = 2147483647;
			files = (
			);
			runOnlyForDeploymentPostprocessing = 0;
		};
		89D40CC41C252AC600BB2969 /* Frameworks */ = {
			isa = PBXFrameworksBuildPhase;
			buildActionMask = 2147483647;
			files = (
			);
			runOnlyForDeploymentPostprocessing = 0;
		};
		89D40CCF1C252AC600BB2969 /* Frameworks */ = {
			isa = PBXFrameworksBuildPhase;
			buildActionMask = 2147483647;
			files = (
			);
			runOnlyForDeploymentPostprocessing = 0;
		};
/* End PBXFrameworksBuildPhase section */

/* Begin PBXGroup section */
		89D40CA71C252AC500BB2969 = {
			isa = PBXGroup;
			children = (
				896631F51C286256002B8FA6 /* agent_picture.png */,
				896631F61C286256002B8FA6 /* detailContacts.jpeg */,
				896631F71C286256002B8FA6 /* navbar_button_edit.png */,
				896631F81C286256002B8FA6 /* navbar_secondary.png */,
				896631F91C286256002B8FA6 /* navbar_seperator.png */,
				896631F31C27B1F0002B8FA6 /* JsonData+CoreDataProperties.swift */,
				892D6C1E1C268ADC00D9C9C4 /* JsonData.swift */,
				89D40CB21C252AC500BB2969 /* Contacts */,
				89D40CCA1C252AC600BB2969 /* ContactsTests */,
				89D40CD51C252AC600BB2969 /* ContactsUITests */,
				89D40CB11C252AC500BB2969 /* Products */,
			);
			sourceTree = "<group>";
		};
		89D40CB11C252AC500BB2969 /* Products */ = {
			isa = PBXGroup;
			children = (
				89D40CB01C252AC500BB2969 /* Contacts.app */,
				89D40CC71C252AC600BB2969 /* ContactsTests.xctest */,
				89D40CD21C252AC600BB2969 /* ContactsUITests.xctest */,
			);
			name = Products;
			sourceTree = "<group>";
		};
		89D40CB21C252AC500BB2969 /* Contacts */ = {
			isa = PBXGroup;
			children = (
				89D40CB31C252AC500BB2969 /* AppDelegate.swift */,
				89D40CB51C252AC500BB2969 /* ViewController.swift */,
				89D40CB71C252AC500BB2969 /* Main.storyboard */,
				89D40CBD1C252AC600BB2969 /* Assets.xcassets */,
				89D40CBF1C252AC600BB2969 /* LaunchScreen.storyboard */,
				89D40CC21C252AC600BB2969 /* Info.plist */,
				89D40CBA1C252AC500BB2969 /* Contacts.xcdatamodeld */,
				89D40CEA1C254F5E00BB2969 /* CustomCell.swift */,
				8969810B1C27267800F491A0 /* detailViewController.swift */,
				896631F11C277270002B8FA6 /* editViewController.swift */,
			);
			path = Contacts;
			sourceTree = "<group>";
		};
		89D40CCA1C252AC600BB2969 /* ContactsTests */ = {
			isa = PBXGroup;
			children = (
				89D40CCB1C252AC600BB2969 /* ContactsTests.swift */,
				89D40CCD1C252AC600BB2969 /* Info.plist */,
			);
			path = ContactsTests;
			sourceTree = "<group>";
		};
		89D40CD51C252AC600BB2969 /* ContactsUITests */ = {
			isa = PBXGroup;
			children = (
				89D40CD61C252AC600BB2969 /* ContactsUITests.swift */,
				89D40CD81C252AC600BB2969 /* Info.plist */,
			);
			path = ContactsUITests;
			sourceTree = "<group>";
		};
/* End PBXGroup section */

/* Begin PBXNativeTarget section */
		89D40CAF1C252AC500BB2969 /* Contacts */ = {
			isa = PBXNativeTarget;
			buildConfigurationList = 89D40CDB1C252AC600BB2969 /* Build configuration list for PBXNativeTarget "Contacts" */;
			buildPhases = (
				89D40CAC1C252AC500BB2969 /* Sources */,
				89D40CAD1C252AC500BB2969 /* Frameworks */,
				89D40CAE1C252AC500BB2969 /* Resources */,
			);
			buildRules = (
			);
			dependencies = (
			);
			name = Contacts;
			productName = Contacts;
			productReference = 89D40CB01C252AC500BB2969 /* Contacts.app */;
			productType = "com.apple.product-type.application";
		};
		89D40CC61C252AC600BB2969 /* ContactsTests */ = {
			isa = PBXNativeTarget;
			buildConfigurationList = 89D40CDE1C252AC600BB2969 /* Build configuration list for PBXNativeTarget "ContactsTests" */;
			buildPhases = (
				89D40CC31C252AC600BB2969 /* Sources */,
				89D40CC41C252AC600BB2969 /* Frameworks */,
				89D40CC51C252AC600BB2969 /* Resources */,
			);
			buildRules = (
			);
			dependencies = (
				89D40CC91C252AC600BB2969 /* PBXTargetDependency */,
			);
			name = ContactsTests;
			productName = ContactsTests;
			productReference = 89D40CC71C252AC600BB2969 /* ContactsTests.xctest */;
			productType = "com.apple.product-type.bundle.unit-test";
		};
		89D40CD11C252AC600BB2969 /* ContactsUITests */ = {
			isa = PBXNativeTarget;
			buildConfigurationList = 89D40CE11C252AC600BB2969 /* Build configuration list for PBXNativeTarget "ContactsUITests" */;
			buildPhases = (
				89D40CCE1C252AC600BB2969 /* Sources */,
				89D40CCF1C252AC600BB2969 /* Frameworks */,
				89D40CD01C252AC600BB2969 /* Resources */,
			);
			buildRules = (
			);
			dependencies = (
				89D40CD41C252AC600BB2969 /* PBXTargetDependency */,
			);
			name = ContactsUITests;
			productName = ContactsUITests;
			productReference = 89D40CD21C252AC600BB2969 /* ContactsUITests.xctest */;
			productType = "com.apple.product-type.bundle.ui-testing";
		};
/* End PBXNativeTarget section */

/* Begin PBXProject section */
		89D40CA81C252AC500BB2969 /* Project object */ = {
			isa = PBXProject;
			attributes = {
				LastSwiftUpdateCheck = 0720;
				LastUpgradeCheck = 0720;
				ORGANIZATIONNAME = "Jay Vadwala";
				TargetAttributes = {
					89D40CAF1C252AC500BB2969 = {
						CreatedOnToolsVersion = 7.2;
					};
					89D40CC61C252AC600BB2969 = {
						CreatedOnToolsVersion = 7.2;
						TestTargetID = 89D40CAF1C252AC500BB2969;
					};
					89D40CD11C252AC600BB2969 = {
						CreatedOnToolsVersion = 7.2;
						TestTargetID = 89D40CAF1C252AC500BB2969;
					};
				};
			};
			buildConfigurationList = 89D40CAB1C252AC500BB2969 /* Build configuration list for PBXProject "Contacts" */;
			compatibilityVersion = "Xcode 3.2";
			developmentRegion = English;
			hasScannedForEncodings = 0;
			knownRegions = (
				en,
				Base,
			);
			mainGroup = 89D40CA71C252AC500BB2969;
			productRefGroup = 89D40CB11C252AC500BB2969 /* Products */;
			projectDirPath = "";
			projectRoot = "";
			targets = (
				89D40CAF1C252AC500BB2969 /* Contacts */,
				89D40CC61C252AC600BB2969 /* ContactsTests */,
				89D40CD11C252AC600BB2969 /* ContactsUITests */,
			);
		};
/* End PBXProject section */

/* Begin PBXResourcesBuildPhase section */
		89D40CAE1C252AC500BB2969 /* Resources */ = {
			isa = PBXResourcesBuildPhase;
			buildActionMask = 2147483647;
			files = (
				89D40CC11C252AC600BB2969 /* LaunchScreen.storyboard in Resources */,
				896631FC1C286256002B8FA6 /* navbar_button_edit.png in Resources */,
				89D40CBE1C252AC600BB2969 /* Assets.xcassets in Resources */,
				896631FD1C286256002B8FA6 /* navbar_secondary.png in Resources */,
				896631FB1C286256002B8FA6 /* detailContacts.jpeg in Resources */,
				896631FE1C286256002B8FA6 /* navbar_seperator.png in Resources */,
				896631FA1C286256002B8FA6 /* agent_picture.png in Resources */,
				89D40CB91C252AC500BB2969 /* Main.storyboard in Resources */,
			);
			runOnlyForDeploymentPostprocessing = 0;
		};
		89D40CC51C252AC600BB2969 /* Resources */ = {
			isa = PBXResourcesBuildPhase;
			buildActionMask = 2147483647;
			files = (
			);
			runOnlyForDeploymentPostprocessing = 0;
		};
		89D40CD01C252AC600BB2969 /* Resources */ = {
			isa = PBXResourcesBuildPhase;
			buildActionMask = 2147483647;
			files = (
			);
			runOnlyForDeploymentPostprocessing = 0;
		};
/* End PBXResourcesBuildPhase section */

/* Begin PBXSourcesBuildPhase section */
		89D40CAC1C252AC500BB2969 /* Sources */ = {
			isa = PBXSourcesBuildPhase;
			buildActionMask = 2147483647;
			files = (
				896631F21C277270002B8FA6 /* editViewController.swift in Sources */,
				896631F41C27B1F0002B8FA6 /* JsonData+CoreDataProperties.swift in Sources */,
				89D40CB61C252AC500BB2969 /* ViewController.swift in Sources */,
				89D40CB41C252AC500BB2969 /* AppDelegate.swift in Sources */,
				89D40CEB1C254F5E00BB2969 /* CustomCell.swift in Sources */,
				89D40CBC1C252AC500BB2969 /* Contacts.xcdatamodeld in Sources */,
				892D6C1F1C268ADC00D9C9C4 /* JsonData.swift in Sources */,
				8969810C1C27267800F491A0 /* detailViewController.swift in Sources */,
			);
			runOnlyForDeploymentPostprocessing = 0;
		};
		89D40CC31C252AC600BB2969 /* Sources */ = {
			isa = PBXSourcesBuildPhase;
			buildActionMask = 2147483647;
			files = (
				89D40CCC1C252AC600BB2969 /* ContactsTests.swift in Sources */,
			);
			runOnlyForDeploymentPostprocessing = 0;
		};
		89D40CCE1C252AC600BB2969 /* Sources */ = {
			isa = PBXSourcesBuildPhase;
			buildActionMask = 2147483647;
			files = (
				89D40CD71C252AC600BB2969 /* ContactsUITests.swift in Sources */,
			);
			runOnlyForDeploymentPostprocessing = 0;
		};
/* End PBXSourcesBuildPhase section */

/* Begin PBXTargetDependency section */
		89D40CC91C252AC600BB2969 /* PBXTargetDependency */ = {
			isa = PBXTargetDependency;
			target = 89D40CAF1C252AC500BB2969 /* Contacts */;
			targetProxy = 89D40CC81C252AC600BB2969 /* PBXContainerItemProxy */;
		};
		89D40CD41C252AC600BB2969 /* PBXTargetDependency */ = {
			isa = PBXTargetDependency;
			target = 89D40CAF1C252AC500BB2969 /* Contacts */;
			targetProxy = 89D40CD31C252AC600BB2969 /* PBXContainerItemProxy */;
		};
/* End PBXTargetDependency section */

/* Begin PBXVariantGroup section */
		89D40CB71C252AC500BB2969 /* Main.storyboard */ = {
			isa = PBXVariantGroup;
			children = (
				89D40CB81C252AC500BB2969 /* Base */,
			);
			name = Main.storyboard;
			sourceTree = "<group>";
		};
		89D40CBF1C252AC600BB2969 /* LaunchScreen.storyboard */ = {
			isa = PBXVariantGroup;
			children = (
				89D40CC01C252AC600BB2969 /* Base */,
			);
			name = LaunchScreen.storyboard;
			sourceTree = "<group>";
		};
/* End PBXVariantGroup section */

/* Begin XCBuildConfiguration section */
		89D40CD91C252AC600BB2969 /* Debug */ = {
			isa = XCBuildConfiguration;
			buildSettings = {
				ALWAYS_SEARCH_USER_PATHS = NO;
				CLANG_CXX_LANGUAGE_STANDARD = "gnu++0x";
				CLANG_CXX_LIBRARY = "libc++";
				CLANG_ENABLE_MODULES = YES;
				CLANG_ENABLE_OBJC_ARC = YES;
				CLANG_WARN_BOOL_CONVERSION = YES;
				CLANG_WARN_CONSTANT_CONVERSION = YES;
				CLANG_WARN_DIRECT_OBJC_ISA_USAGE = YES_ERROR;
				CLANG_WARN_EMPTY_BODY = YES;
				CLANG_WARN_ENUM_CONVERSION = YES;
				CLANG_WARN_INT_CONVERSION = YES;
				CLANG_WARN_OBJC_ROOT_CLASS = YES_ERROR;
				CLANG_WARN_UNREACHABLE_CODE = YES;
				CLANG_WARN__DUPLICATE_METHOD_MATCH = YES;
				"CODE_SIGN_IDENTITY[sdk=iphoneos*]" = "iPhone Developer";
				COPY_PHASE_STRIP = NO;
				DEBUG_INFORMATION_FORMAT = dwarf;
				ENABLE_STRICT_OBJC_MSGSEND = YES;
				ENABLE_TESTABILITY = YES;
				GCC_C_LANGUAGE_STANDARD = gnu99;
				GCC_DYNAMIC_NO_PIC = NO;
				GCC_NO_COMMON_BLOCKS = YES;
				GCC_OPTIMIZATION_LEVEL = 0;
				GCC_PREPROCESSOR_DEFINITIONS = (
					"DEBUG=1",
					"$(inherited)",
				);
				GCC_WARN_64_TO_32_BIT_CONVERSION = YES;
				GCC_WARN_ABOUT_RETURN_TYPE = YES_ERROR;
				GCC_WARN_UNDECLARED_SELECTOR = YES;
				GCC_WARN_UNINITIALIZED_AUTOS = YES_AGGRESSIVE;
				GCC_WARN_UNUSED_FUNCTION = YES;
				GCC_WARN_UNUSED_VARIABLE = YES;
				IPHONEOS_DEPLOYMENT_TARGET = 9.2;
				MTL_ENABLE_DEBUG_INFO = YES;
				ONLY_ACTIVE_ARCH = YES;
				SDKROOT = iphoneos;
				SWIFT_OPTIMIZATION_LEVEL = "-Onone";
				TARGETED_DEVICE_FAMILY = "1,2";
			};
			name = Debug;
		};
		89D40CDA1C252AC600BB2969 /* Release */ = {
			isa = XCBuildConfiguration;
			buildSettings = {
				ALWAYS_SEARCH_USER_PATHS = NO;
				CLANG_CXX_LANGUAGE_STANDARD = "gnu++0x";
				CLANG_CXX_LIBRARY = "libc++";
				CLANG_ENABLE_MODULES = YES;
				CLANG_ENABLE_OBJC_ARC = YES;
				CLANG_WARN_BOOL_CONVERSION = YES;
				CLANG_WARN_CONSTANT_CONVERSION = YES;
				CLANG_WARN_DIRECT_OBJC_ISA_USAGE = YES_ERROR;
				CLANG_WARN_EMPTY_BODY = YES;
				CLANG_WARN_ENUM_CONVERSION = YES;
				CLANG_WARN_INT_CONVERSION = YES;
				CLANG_WARN_OBJC_ROOT_CLASS = YES_ERROR;
				CLANG_WARN_UNREACHABLE_CODE = YES;
				CLANG_WARN__DUPLICATE_METHOD_MATCH = YES;
				"CODE_SIGN_IDENTITY[sdk=iphoneos*]" = "iPhone Developer";
				COPY_PHASE_STRIP = NO;
				DEBUG_INFORMATION_FORMAT = "dwarf-with-dsym";
				ENABLE_NS_ASSERTIONS = NO;
				ENABLE_STRICT_OBJC_MSGSEND = YES;
				GCC_C_LANGUAGE_STANDARD = gnu99;
				GCC_NO_COMMON_BLOCKS = YES;
				GCC_WARN_64_TO_32_BIT_CONVERSION = YES;
				GCC_WARN_ABOUT_RETURN_TYPE = YES_ERROR;
				GCC_WARN_UNDECLARED_SELECTOR = YES;
				GCC_WARN_UNINITIALIZED_AUTOS = YES_AGGRESSIVE;
				GCC_WARN_UNUSED_FUNCTION = YES;
				GCC_WARN_UNUSED_VARIABLE = YES;
				IPHONEOS_DEPLOYMENT_TARGET = 9.2;
				MTL_ENABLE_DEBUG_INFO = NO;
				SDKROOT = iphoneos;
				TARGETED_DEVICE_FAMILY = "1,2";
				VALIDATE_PRODUCT = YES;
			};
			name = Release;
		};
		89D40CDC1C252AC600BB2969 /* Debug */ = {
			isa = XCBuildConfiguration;
			buildSettings = {
				ASSETCATALOG_COMPILER_APPICON_NAME = AppIcon;
				CLANG_ENABLE_MODULES = YES;
				INFOPLIST_FILE = Contacts/Info.plist;
				LD_RUNPATH_SEARCH_PATHS = "$(inherited) @executable_path/Frameworks";
				PRODUCT_BUNDLE_IDENTIFIER = com.Contacts.Contacts;
				PRODUCT_NAME = "$(TARGET_NAME)";
				SWIFT_OBJC_BRIDGING_HEADER = "Contacts-Bridging-Header.h";
				SWIFT_OPTIMIZATION_LEVEL = "-Onone";
			};
			name = Debug;
		};
		89D40CDD1C252AC600BB2969 /* Release */ = {
			isa = XCBuildConfiguration;
			buildSettings = {
				ASSETCATALOG_COMPILER_APPICON_NAME = AppIcon;
				CLANG_ENABLE_MODULES = YES;
				INFOPLIST_FILE = Contacts/Info.plist;
				LD_RUNPATH_SEARCH_PATHS = "$(inherited) @executable_path/Frameworks";
				PRODUCT_BUNDLE_IDENTIFIER = com.Contacts.Contacts;
				PRODUCT_NAME = "$(TARGET_NAME)";
				SWIFT_OBJC_BRIDGING_HEADER = "Contacts-Bridging-Header.h";
			};
			name = Release;
		};
		89D40CDF1C252AC600BB2969 /* Debug */ = {
			isa = XCBuildConfiguration;
			buildSettings = {
				BUNDLE_LOADER = "$(TEST_HOST)";
				INFOPLIST_FILE = ContactsTests/Info.plist;
				LD_RUNPATH_SEARCH_PATHS = "$(inherited) @executable_path/Frameworks @loader_path/Frameworks";
				PRODUCT_BUNDLE_IDENTIFIER = com.Contacts.ContactsTests;
				PRODUCT_NAME = "$(TARGET_NAME)";
				TEST_HOST = "$(BUILT_PRODUCTS_DIR)/Contacts.app/Contacts";
			};
			name = Debug;
		};
		89D40CE01C252AC600BB2969 /* Release */ = {
			isa = XCBuildConfiguration;
			buildSettings = {
				BUNDLE_LOADER = "$(TEST_HOST)";
				INFOPLIST_FILE = ContactsTests/Info.plist;
				LD_RUNPATH_SEARCH_PATHS = "$(inherited) @executable_path/Frameworks @loader_path/Frameworks";
				PRODUCT_BUNDLE_IDENTIFIER = com.Contacts.ContactsTests;
				PRODUCT_NAME = "$(TARGET_NAME)";
				TEST_HOST = "$(BUILT_PRODUCTS_DIR)/Contacts.app/Contacts";
			};
			name = Release;
		};
		89D40CE21C252AC600BB2969 /* Debug */ = {
			isa = XCBuildConfiguration;
			buildSettings = {
				INFOPLIST_FILE = ContactsUITests/Info.plist;
				LD_RUNPATH_SEARCH_PATHS = "$(inherited) @executable_path/Frameworks @loader_path/Frameworks";
				PRODUCT_BUNDLE_IDENTIFIER = com.Contacts.ContactsUITests;
				PRODUCT_NAME = "$(TARGET_NAME)";
				TEST_TARGET_NAME = Contacts;
				USES_XCTRUNNER = YES;
			};
			name = Debug;
		};
		89D40CE31C252AC600BB2969 /* Release */ = {
			isa = XCBuildConfiguration;
			buildSettings = {
				INFOPLIST_FILE = ContactsUITests/Info.plist;
				LD_RUNPATH_SEARCH_PATHS = "$(inherited) @executable_path/Frameworks @loader_path/Frameworks";
				PRODUCT_BUNDLE_IDENTIFIER = com.Contacts.ContactsUITests;
				PRODUCT_NAME = "$(TARGET_NAME)";
				TEST_TARGET_NAME = Contacts;
				USES_XCTRUNNER = YES;
			};
			name = Release;
		};
/* End XCBuildConfiguration section */

/* Begin XCConfigurationList section */
		89D40CAB1C252AC500BB2969 /* Build configuration list for PBXProject "Contacts" */ = {
			isa = XCConfigurationList;
			buildConfigurations = (
				89D40CD91C252AC600BB2969 /* Debug */,
				89D40CDA1C252AC600BB2969 /* Release */,
			);
			defaultConfigurationIsVisible = 0;
			defaultConfigurationName = Release;
		};
		89D40CDB1C252AC600BB2969 /* Build configuration list for PBXNativeTarget "Contacts" */ = {
			isa = XCConfigurationList;
			buildConfigurations = (
				89D40CDC1C252AC600BB2969 /* Debug */,
				89D40CDD1C252AC600BB2969 /* Release */,
			);
			defaultConfigurationIsVisible = 0;
			defaultConfigurationName = Release;
		};
		89D40CDE1C252AC600BB2969 /* Build configuration list for PBXNativeTarget "ContactsTests" */ = {
			isa = XCConfigurationList;
			buildConfigurations = (
				89D40CDF1C252AC600BB2969 /* Debug */,
				89D40CE01C252AC600BB2969 /* Release */,
			);
			defaultConfigurationIsVisible = 0;
			defaultConfigurationName = Release;
		};
		89D40CE11C252AC600BB2969 /* Build configuration list for PBXNativeTarget "ContactsUITests" */ = {
			isa = XCConfigurationList;
			buildConfigurations = (
				89D40CE21C252AC600BB2969 /* Debug */,
				89D40CE31C252AC600BB2969 /* Release */,
			);
			defaultConfigurationIsVisible = 0;
			defaultConfigurationName = Release;
		};
/* End XCConfigurationList section */

/* Begin XCVersionGroup section */
		89D40CBA1C252AC500BB2969 /* Contacts.xcdatamodeld */ = {
			isa = XCVersionGroup;
			children = (
				89D40CBB1C252AC500BB2969 /* Contacts.xcdatamodel */,
			);
			currentVersion = 89D40CBB1C252AC500BB2969 /* Contacts.xcdatamodel */;
			path = Contacts.xcdatamodeld;
			sourceTree = "<group>";
			versionGroupType = wrapper.xcdatamodel;
		};
/* End XCVersionGroup section */
	};
	rootObject = 89D40CA81C252AC500BB2969 /* Project object */;
}
